// !$*UTF8*$!
{
	archiveVersion = 1;
	classes = {
	};
	objectVersion = 77;
	objects = {

/* Begin PBXBuildFile section */
		AD819F6E2E540B02008CA8B4 /* WidgetKit.framework in Frameworks */ = {isa = PBXBuildFile; fileRef = AD819F6D2E540B02008CA8B4 /* WidgetKit.framework */; };
		AD819F702E540B02008CA8B4 /* SwiftUI.framework in Frameworks */ = {isa = PBXBuildFile; fileRef = AD819F6F2E540B02008CA8B4 /* SwiftUI.framework */; };
		AD819F812E540B04008CA8B4 /* The23WidgetsExtension.appex in Embed Foundation Extensions */ = {isa = PBXBuildFile; fileRef = AD819F6B2E540B01008CA8B4 /* The23WidgetsExtension.appex */; settings = {ATTRIBUTES = (RemoveHeadersOnCopy, ); }; };
		AD819F8A2E5411C4008CA8B4 /* TimerActivity+Attributes.swift in Sources */ = {isa = PBXBuildFile; fileRef = AD819F892E5411C4008CA8B4 /* TimerActivity+Attributes.swift */; };
		AD819F8B2E5411C4008CA8B4 /* TimerActivity+Attributes.swift in Sources */ = {isa = PBXBuildFile; fileRef = AD819F892E5411C4008CA8B4 /* TimerActivity+Attributes.swift */; };
		AD819F932E5412CB008CA8B4 /* TimerLiveActivity.swift in Sources */ = {isa = PBXBuildFile; fileRef = AD819F922E5412CB008CA8B4 /* TimerLiveActivity.swift */; };
		AD819F972E55780C008CA8B4 /* StartsStopIntents.swift in Sources */ = {isa = PBXBuildFile; fileRef = AD819F952E5577FD008CA8B4 /* StartsStopIntents.swift */; };
/* End PBXBuildFile section */

/* Begin PBXContainerItemProxy section */
		AD819F7F2E540B04008CA8B4 /* PBXContainerItemProxy */ = {
			isa = PBXContainerItemProxy;
			containerPortal = AD819F342E4D5776008CA8B4 /* Project object */;
			proxyType = 1;
			remoteGlobalIDString = AD819F6A2E540B01008CA8B4;
			remoteInfo = The23WidgetsExtension;
		};
/* End PBXContainerItemProxy section */

/* Begin PBXCopyFilesBuildPhase section */
		AD819F862E540B04008CA8B4 /* Embed Foundation Extensions */ = {
			isa = PBXCopyFilesBuildPhase;
			buildActionMask = 2147483647;
			dstPath = "";
			dstSubfolderSpec = 13;
			files = (
				AD819F812E540B04008CA8B4 /* The23WidgetsExtension.appex in Embed Foundation Extensions */,
			);
			name = "Embed Foundation Extensions";
			runOnlyForDeploymentPostprocessing = 0;
		};
/* End PBXCopyFilesBuildPhase section */

/* Begin PBXFileReference section */
		AD819F3C2E4D5776008CA8B4 /* The23MinRule.app */ = {isa = PBXFileReference; explicitFileType = wrapper.application; includeInIndex = 0; path = The23MinRule.app; sourceTree = BUILT_PRODUCTS_DIR; };
		AD819F6B2E540B01008CA8B4 /* The23WidgetsExtension.appex */ = {isa = PBXFileReference; explicitFileType = "wrapper.app-extension"; includeInIndex = 0; path = The23WidgetsExtension.appex; sourceTree = BUILT_PRODUCTS_DIR; };
		AD819F6D2E540B02008CA8B4 /* WidgetKit.framework */ = {isa = PBXFileReference; lastKnownFileType = wrapper.framework; name = WidgetKit.framework; path = System/Library/Frameworks/WidgetKit.framework; sourceTree = SDKROOT; };
		AD819F6F2E540B02008CA8B4 /* SwiftUI.framework */ = {isa = PBXFileReference; lastKnownFileType = wrapper.framework; name = SwiftUI.framework; path = System/Library/Frameworks/SwiftUI.framework; sourceTree = SDKROOT; };
		AD819F882E540F7B008CA8B4 /* The23WidgetsExtension.entitlements */ = {isa = PBXFileReference; lastKnownFileType = text.plist.entitlements; path = The23WidgetsExtension.entitlements; sourceTree = "<group>"; };
		AD819F892E5411C4008CA8B4 /* TimerActivity+Attributes.swift */ = {isa = PBXFileReference; lastKnownFileType = sourcecode.swift; path = "TimerActivity+Attributes.swift"; sourceTree = "<group>"; };
		AD819F922E5412CB008CA8B4 /* TimerLiveActivity.swift */ = {isa = PBXFileReference; lastKnownFileType = sourcecode.swift; path = TimerLiveActivity.swift; sourceTree = "<group>"; };
		AD819F952E5577FD008CA8B4 /* StartsStopIntents.swift */ = {isa = PBXFileReference; lastKnownFileType = sourcecode.swift; path = StartsStopIntents.swift; sourceTree = "<group>"; };
/* End PBXFileReference section */

/* Begin PBXFileSystemSynchronizedBuildFileExceptionSet section */
		AD819F822E540B04008CA8B4 /* Exceptions for "The23Widgets" folder in "The23WidgetsExtension" target */ = {
			isa = PBXFileSystemSynchronizedBuildFileExceptionSet;
			membershipExceptions = (
				Info.plist,
			);
			target = AD819F6A2E540B01008CA8B4 /* The23WidgetsExtension */;
		};
		AD819F8D2E541260008CA8B4 /* Exceptions for "The23MinRule" folder in "The23WidgetsExtension" target */ = {
			isa = PBXFileSystemSynchronizedBuildFileExceptionSet;
			membershipExceptions = (
				Assets.xcassets,
				Theme/DesignTokens.swift,
			);
			target = AD819F6A2E540B01008CA8B4 /* The23WidgetsExtension */;
		};
		AD819F992E557C6B008CA8B4 /* Exceptions for "The23MinRule" folder in "The23MinRule" target */ = {
			isa = PBXFileSystemSynchronizedBuildFileExceptionSet;
			membershipExceptions = (
				Info.plist,
			);
			target = AD819F3B2E4D5776008CA8B4 /* The23MinRule */;
		};
/* End PBXFileSystemSynchronizedBuildFileExceptionSet section */

/* Begin PBXFileSystemSynchronizedRootGroup section */
		AD819F3E2E4D5776008CA8B4 /* The23MinRule */ = {
			isa = PBXFileSystemSynchronizedRootGroup;
			exceptions = (
				AD819F992E557C6B008CA8B4 /* Exceptions for "The23MinRule" folder in "The23MinRule" target */,
				AD819F8D2E541260008CA8B4 /* Exceptions for "The23MinRule" folder in "The23WidgetsExtension" target */,
			);
			path = The23MinRule;
			sourceTree = "<group>";
		};
		AD819F712E540B02008CA8B4 /* The23Widgets */ = {
			isa = PBXFileSystemSynchronizedRootGroup;
			exceptions = (
				AD819F822E540B04008CA8B4 /* Exceptions for "The23Widgets" folder in "The23WidgetsExtension" target */,
			);
			path = The23Widgets;
			sourceTree = "<group>";
		};
/* End PBXFileSystemSynchronizedRootGroup section */

/* Begin PBXFrameworksBuildPhase section */
		AD819F392E4D5776008CA8B4 /* Frameworks */ = {
			isa = PBXFrameworksBuildPhase;
			buildActionMask = 2147483647;
			files = (
			);
			runOnlyForDeploymentPostprocessing = 0;
		};
		AD819F682E540B01008CA8B4 /* Frameworks */ = {
			isa = PBXFrameworksBuildPhase;
			buildActionMask = 2147483647;
			files = (
				AD819F702E540B02008CA8B4 /* SwiftUI.framework in Frameworks */,
				AD819F6E2E540B02008CA8B4 /* WidgetKit.framework in Frameworks */,
			);
			runOnlyForDeploymentPostprocessing = 0;
		};
/* End PBXFrameworksBuildPhase section */

/* Begin PBXGroup section */
		AD819F332E4D5776008CA8B4 = {
			isa = PBXGroup;
			children = (
				AD819F952E5577FD008CA8B4 /* StartsStopIntents.swift */,
				AD819F922E5412CB008CA8B4 /* TimerLiveActivity.swift */,
				AD819F892E5411C4008CA8B4 /* TimerActivity+Attributes.swift */,
				AD819F882E540F7B008CA8B4 /* The23WidgetsExtension.entitlements */,
				AD819F3E2E4D5776008CA8B4 /* The23MinRule */,
				AD819F712E540B02008CA8B4 /* The23Widgets */,
				AD819F6C2E540B02008CA8B4 /* Frameworks */,
				AD819F3D2E4D5776008CA8B4 /* Products */,
			);
			sourceTree = "<group>";
		};
		AD819F3D2E4D5776008CA8B4 /* Products */ = {
			isa = PBXGroup;
			children = (
				AD819F3C2E4D5776008CA8B4 /* The23MinRule.app */,
				AD819F6B2E540B01008CA8B4 /* The23WidgetsExtension.appex */,
			);
			name = Products;
			sourceTree = "<group>";
		};
		AD819F6C2E540B02008CA8B4 /* Frameworks */ = {
			isa = PBXGroup;
			children = (
				AD819F6D2E540B02008CA8B4 /* WidgetKit.framework */,
				AD819F6F2E540B02008CA8B4 /* SwiftUI.framework */,
			);
			name = Frameworks;
			sourceTree = "<group>";
		};
/* End PBXGroup section */

/* Begin PBXNativeTarget section */
		AD819F3B2E4D5776008CA8B4 /* The23MinRule */ = {
			isa = PBXNativeTarget;
			buildConfigurationList = AD819F472E4D5778008CA8B4 /* Build configuration list for PBXNativeTarget "The23MinRule" */;
			buildPhases = (
				AD819F382E4D5776008CA8B4 /* Sources */,
				AD819F392E4D5776008CA8B4 /* Frameworks */,
				AD819F3A2E4D5776008CA8B4 /* Resources */,
				AD819F862E540B04008CA8B4 /* Embed Foundation Extensions */,
			);
			buildRules = (
			);
			dependencies = (
				AD819F802E540B04008CA8B4 /* PBXTargetDependency */,
			);
			fileSystemSynchronizedGroups = (
				AD819F3E2E4D5776008CA8B4 /* The23MinRule */,
			);
			name = The23MinRule;
			packageProductDependencies = (
			);
			productName = The23MinRule;
			productReference = AD819F3C2E4D5776008CA8B4 /* The23MinRule.app */;
			productType = "com.apple.product-type.application";
		};
		AD819F6A2E540B01008CA8B4 /* The23WidgetsExtension */ = {
			isa = PBXNativeTarget;
			buildConfigurationList = AD819F832E540B04008CA8B4 /* Build configuration list for PBXNativeTarget "The23WidgetsExtension" */;
			buildPhases = (
				AD819F672E540B01008CA8B4 /* Sources */,
				AD819F682E540B01008CA8B4 /* Frameworks */,
				AD819F692E540B01008CA8B4 /* Resources */,
			);
			buildRules = (
			);
			dependencies = (
			);
			fileSystemSynchronizedGroups = (
				AD819F712E540B02008CA8B4 /* The23Widgets */,
			);
			name = The23WidgetsExtension;
			packageProductDependencies = (
			);
			productName = The23WidgetsExtension;
			productReference = AD819F6B2E540B01008CA8B4 /* The23WidgetsExtension.appex */;
			productType = "com.apple.product-type.app-extension";
		};
/* End PBXNativeTarget section */

/* Begin PBXProject section */
		AD819F342E4D5776008CA8B4 /* Project object */ = {
			isa = PBXProject;
			attributes = {
				BuildIndependentTargetsInParallel = 1;
				LastSwiftUpdateCheck = 1640;
				LastUpgradeCheck = 1640;
				TargetAttributes = {
					AD819F3B2E4D5776008CA8B4 = {
						CreatedOnToolsVersion = 16.4;
					};
					AD819F6A2E540B01008CA8B4 = {
						CreatedOnToolsVersion = 16.4;
					};
				};
			};
			buildConfigurationList = AD819F372E4D5776008CA8B4 /* Build configuration list for PBXProject "The23MinRule" */;
			developmentRegion = en;
			hasScannedForEncodings = 0;
			knownRegions = (
				en,
				Base,
			);
			mainGroup = AD819F332E4D5776008CA8B4;
			minimizedProjectReferenceProxies = 1;
			preferredProjectObjectVersion = 77;
			productRefGroup = AD819F3D2E4D5776008CA8B4 /* Products */;
			projectDirPath = "";
			projectRoot = "";
			targets = (
				AD819F3B2E4D5776008CA8B4 /* The23MinRule */,
				AD819F6A2E540B01008CA8B4 /* The23WidgetsExtension */,
			);
		};
/* End PBXProject section */

/* Begin PBXResourcesBuildPhase section */
		AD819F3A2E4D5776008CA8B4 /* Resources */ = {
			isa = PBXResourcesBuildPhase;
			buildActionMask = 2147483647;
			files = (
			);
			runOnlyForDeploymentPostprocessing = 0;
		};
		AD819F692E540B01008CA8B4 /* Resources */ = {
			isa = PBXResourcesBuildPhase;
			buildActionMask = 2147483647;
			files = (
			);
			runOnlyForDeploymentPostprocessing = 0;
		};
/* End PBXResourcesBuildPhase section */

/* Begin PBXSourcesBuildPhase section */
		AD819F382E4D5776008CA8B4 /* Sources */ = {
			isa = PBXSourcesBuildPhase;
			buildActionMask = 2147483647;
			files = (
				AD819F972E55780C008CA8B4 /* StartsStopIntents.swift in Sources */,
				AD819F8A2E5411C4008CA8B4 /* TimerActivity+Attributes.swift in Sources */,
			);
			runOnlyForDeploymentPostprocessing = 0;
		};
		AD819F672E540B01008CA8B4 /* Sources */ = {
			isa = PBXSourcesBuildPhase;
			buildActionMask = 2147483647;
			files = (
				AD819F932E5412CB008CA8B4 /* TimerLiveActivity.swift in Sources */,
				AD819F8B2E5411C4008CA8B4 /* TimerActivity+Attributes.swift in Sources */,
			);
			runOnlyForDeploymentPostprocessing = 0;
		};
/* End PBXSourcesBuildPhase section */

/* Begin PBXTargetDependency section */
		AD819F802E540B04008CA8B4 /* PBXTargetDependency */ = {
			isa = PBXTargetDependency;
			target = AD819F6A2E540B01008CA8B4 /* The23WidgetsExtension */;
			targetProxy = AD819F7F2E540B04008CA8B4 /* PBXContainerItemProxy */;
		};
/* End PBXTargetDependency section */

/* Begin XCBuildConfiguration section */
		AD819F452E4D5778008CA8B4 /* Debug */ = {
			isa = XCBuildConfiguration;
			buildSettings = {
				ALWAYS_SEARCH_USER_PATHS = NO;
				ASSETCATALOG_COMPILER_GENERATE_SWIFT_ASSET_SYMBOL_EXTENSIONS = YES;
				CLANG_ANALYZER_NONNULL = YES;
				CLANG_ANALYZER_NUMBER_OBJECT_CONVERSION = YES_AGGRESSIVE;
				CLANG_CXX_LANGUAGE_STANDARD = "gnu++20";
				CLANG_ENABLE_MODULES = YES;
				CLANG_ENABLE_OBJC_ARC = YES;
				CLANG_ENABLE_OBJC_WEAK = YES;
				CLANG_WARN_BLOCK_CAPTURE_AUTORELEASING = YES;
				CLANG_WARN_BOOL_CONVERSION = YES;
				CLANG_WARN_COMMA = YES;
				CLANG_WARN_CONSTANT_CONVERSION = YES;
				CLANG_WARN_DEPRECATED_OBJC_IMPLEMENTATIONS = YES;
				CLANG_WARN_DIRECT_OBJC_ISA_USAGE = YES_ERROR;
				CLANG_WARN_DOCUMENTATION_COMMENTS = YES;
				CLANG_WARN_EMPTY_BODY = YES;
				CLANG_WARN_ENUM_CONVERSION = YES;
				CLANG_WARN_INFINITE_RECURSION = YES;
				CLANG_WARN_INT_CONVERSION = YES;
				CLANG_WARN_NON_LITERAL_NULL_CONVERSION = YES;
				CLANG_WARN_OBJC_IMPLICIT_RETAIN_SELF = YES;
				CLANG_WARN_OBJC_LITERAL_CONVERSION = YES;
				CLANG_WARN_OBJC_ROOT_CLASS = YES_ERROR;
				CLANG_WARN_QUOTED_INCLUDE_IN_FRAMEWORK_HEADER = YES;
				CLANG_WARN_RANGE_LOOP_ANALYSIS = YES;
				CLANG_WARN_STRICT_PROTOTYPES = YES;
				CLANG_WARN_SUSPICIOUS_MOVE = YES;
				CLANG_WARN_UNGUARDED_AVAILABILITY = YES_AGGRESSIVE;
				CLANG_WARN_UNREACHABLE_CODE = YES;
				CLANG_WARN__DUPLICATE_METHOD_MATCH = YES;
				COPY_PHASE_STRIP = NO;
				DEBUG_INFORMATION_FORMAT = dwarf;
				ENABLE_STRICT_OBJC_MSGSEND = YES;
				ENABLE_TESTABILITY = YES;
				ENABLE_USER_SCRIPT_SANDBOXING = YES;
				GCC_C_LANGUAGE_STANDARD = gnu17;
				GCC_DYNAMIC_NO_PIC = NO;
				GCC_NO_COMMON_BLOCKS = YES;
				GCC_OPTIMIZATION_LEVEL = 0;
				GCC_PREPROCESSOR_DEFINITIONS = (
					"DEBUG=1",
					"$(inherited)",
				);
				GCC_WARN_64_TO_32_BIT_CONVERSION = YES;
				GCC_WARN_ABOUT_RETURN_TYPE = YES_ERROR;
				GCC_WARN_UNDECLARED_SELECTOR = YES;
				GCC_WARN_UNINITIALIZED_AUTOS = YES_AGGRESSIVE;
				GCC_WARN_UNUSED_FUNCTION = YES;
				GCC_WARN_UNUSED_VARIABLE = YES;
				IPHONEOS_DEPLOYMENT_TARGET = 18.5;
				LOCALIZATION_PREFERS_STRING_CATALOGS = YES;
				MTL_ENABLE_DEBUG_INFO = INCLUDE_SOURCE;
				MTL_FAST_MATH = YES;
				ONLY_ACTIVE_ARCH = YES;
				SDKROOT = iphoneos;
				SWIFT_ACTIVE_COMPILATION_CONDITIONS = "DEBUG $(inherited)";
				SWIFT_OPTIMIZATION_LEVEL = "-Onone";
			};
			name = Debug;
		};
		AD819F462E4D5778008CA8B4 /* Release */ = {
			isa = XCBuildConfiguration;
			buildSettings = {
				ALWAYS_SEARCH_USER_PATHS = NO;
				ASSETCATALOG_COMPILER_GENERATE_SWIFT_ASSET_SYMBOL_EXTENSIONS = YES;
				CLANG_ANALYZER_NONNULL = YES;
				CLANG_ANALYZER_NUMBER_OBJECT_CONVERSION = YES_AGGRESSIVE;
				CLANG_CXX_LANGUAGE_STANDARD = "gnu++20";
				CLANG_ENABLE_MODULES = YES;
				CLANG_ENABLE_OBJC_ARC = YES;
				CLANG_ENABLE_OBJC_WEAK = YES;
				CLANG_WARN_BLOCK_CAPTURE_AUTORELEASING = YES;
				CLANG_WARN_BOOL_CONVERSION = YES;
				CLANG_WARN_COMMA = YES;
				CLANG_WARN_CONSTANT_CONVERSION = YES;
				CLANG_WARN_DEPRECATED_OBJC_IMPLEMENTATIONS = YES;
				CLANG_WARN_DIRECT_OBJC_ISA_USAGE = YES_ERROR;
				CLANG_WARN_DOCUMENTATION_COMMENTS = YES;
				CLANG_WARN_EMPTY_BODY = YES;
				CLANG_WARN_ENUM_CONVERSION = YES;
				CLANG_WARN_INFINITE_RECURSION = YES;
				CLANG_WARN_INT_CONVERSION = YES;
				CLANG_WARN_NON_LITERAL_NULL_CONVERSION = YES;
				CLANG_WARN_OBJC_IMPLICIT_RETAIN_SELF = YES;
				CLANG_WARN_OBJC_LITERAL_CONVERSION = YES;
				CLANG_WARN_OBJC_ROOT_CLASS = YES_ERROR;
				CLANG_WARN_QUOTED_INCLUDE_IN_FRAMEWORK_HEADER = YES;
				CLANG_WARN_RANGE_LOOP_ANALYSIS = YES;
				CLANG_WARN_STRICT_PROTOTYPES = YES;
				CLANG_WARN_SUSPICIOUS_MOVE = YES;
				CLANG_WARN_UNGUARDED_AVAILABILITY = YES_AGGRESSIVE;
				CLANG_WARN_UNREACHABLE_CODE = YES;
				CLANG_WARN__DUPLICATE_METHOD_MATCH = YES;
				COPY_PHASE_STRIP = NO;
				DEBUG_INFORMATION_FORMAT = "dwarf-with-dsym";
				ENABLE_NS_ASSERTIONS = NO;
				ENABLE_STRICT_OBJC_MSGSEND = YES;
				ENABLE_USER_SCRIPT_SANDBOXING = YES;
				GCC_C_LANGUAGE_STANDARD = gnu17;
				GCC_NO_COMMON_BLOCKS = YES;
				GCC_WARN_64_TO_32_BIT_CONVERSION = YES;
				GCC_WARN_ABOUT_RETURN_TYPE = YES_ERROR;
				GCC_WARN_UNDECLARED_SELECTOR = YES;
				GCC_WARN_UNINITIALIZED_AUTOS = YES_AGGRESSIVE;
				GCC_WARN_UNUSED_FUNCTION = YES;
				GCC_WARN_UNUSED_VARIABLE = YES;
				IPHONEOS_DEPLOYMENT_TARGET = 18.5;
				LOCALIZATION_PREFERS_STRING_CATALOGS = YES;
				MTL_ENABLE_DEBUG_INFO = NO;
				MTL_FAST_MATH = YES;
				SDKROOT = iphoneos;
				SWIFT_COMPILATION_MODE = wholemodule;
				VALIDATE_PRODUCT = YES;
			};
			name = Release;
		};
		AD819F482E4D5778008CA8B4 /* Debug */ = {
			isa = XCBuildConfiguration;
			buildSettings = {
				ASSETCATALOG_COMPILER_APPICON_NAME = AppIcon;
				ASSETCATALOG_COMPILER_GLOBAL_ACCENT_COLOR_NAME = AccentColor;
				CODE_SIGN_ENTITLEMENTS = The23MinRule/The23MinRule.entitlements;
				CODE_SIGN_STYLE = Automatic;
				CURRENT_PROJECT_VERSION = 1;
				DEVELOPMENT_TEAM = FFBPCHH4GC;
				ENABLE_PREVIEWS = YES;
				GENERATE_INFOPLIST_FILE = YES;
				INFOPLIST_FILE = The23MinRule/Info.plist;
				INFOPLIST_KEY_NSSupportsLiveActivities = YES;
				INFOPLIST_KEY_UIApplicationSceneManifest_Generation = YES;
				INFOPLIST_KEY_UIApplicationSupportsIndirectInputEvents = YES;
				INFOPLIST_KEY_UILaunchScreen_Generation = YES;
				INFOPLIST_KEY_UISupportedInterfaceOrientations_iPad = "UIInterfaceOrientationPortrait UIInterfaceOrientationPortraitUpsideDown UIInterfaceOrientationLandscapeLeft UIInterfaceOrientationLandscapeRight";
				INFOPLIST_KEY_UISupportedInterfaceOrientations_iPhone = "UIInterfaceOrientationPortrait UIInterfaceOrientationLandscapeLeft UIInterfaceOrientationLandscapeRight";
				LD_RUNPATH_SEARCH_PATHS = (
					"$(inherited)",
					"@executable_path/Frameworks",
				);
				MARKETING_VERSION = 1.0;
				PRODUCT_BUNDLE_IDENTIFIER = "Never-Miss-Dev.The23MinRule";
				PRODUCT_NAME = "$(TARGET_NAME)";
				SWIFT_EMIT_LOC_STRINGS = YES;
				SWIFT_VERSION = 5.0;
				TARGETED_DEVICE_FAMILY = "1,2";
			};
			name = Debug;
		};
		AD819F492E4D5778008CA8B4 /* Release */ = {
			isa = XCBuildConfiguration;
			buildSettings = {
				ASSETCATALOG_COMPILER_APPICON_NAME = AppIcon;
				ASSETCATALOG_COMPILER_GLOBAL_ACCENT_COLOR_NAME = AccentColor;
				CODE_SIGN_ENTITLEMENTS = The23MinRule/The23MinRule.entitlements;
				CODE_SIGN_STYLE = Automatic;
				CURRENT_PROJECT_VERSION = 1;
				DEVELOPMENT_TEAM = FFBPCHH4GC;
				ENABLE_PREVIEWS = YES;
				GENERATE_INFOPLIST_FILE = YES;
				INFOPLIST_FILE = The23MinRule/Info.plist;
				INFOPLIST_KEY_NSSupportsLiveActivities = YES;
				INFOPLIST_KEY_UIApplicationSceneManifest_Generation = YES;
				INFOPLIST_KEY_UIApplicationSupportsIndirectInputEvents = YES;
				INFOPLIST_KEY_UILaunchScreen_Generation = YES;
				INFOPLIST_KEY_UISupportedInterfaceOrientations_iPad = "UIInterfaceOrientationPortrait UIInterfaceOrientationPortraitUpsideDown UIInterfaceOrientationLandscapeLeft UIInterfaceOrientationLandscapeRight";
				INFOPLIST_KEY_UISupportedInterfaceOrientations_iPhone = "UIInterfaceOrientationPortrait UIInterfaceOrientationLandscapeLeft UIInterfaceOrientationLandscapeRight";
				LD_RUNPATH_SEARCH_PATHS = (
					"$(inherited)",
					"@executable_path/Frameworks",
				);
				MARKETING_VERSION = 1.0;
				PRODUCT_BUNDLE_IDENTIFIER = "Never-Miss-Dev.The23MinRule";
				PRODUCT_NAME = "$(TARGET_NAME)";
				SWIFT_EMIT_LOC_STRINGS = YES;
				SWIFT_VERSION = 5.0;
				TARGETED_DEVICE_FAMILY = "1,2";
			};
			name = Release;
		};
		AD819F842E540B04008CA8B4 /* Debug */ = {
			isa = XCBuildConfiguration;
			buildSettings = {
				ASSETCATALOG_COMPILER_GLOBAL_ACCENT_COLOR_NAME = AccentColor;
				ASSETCATALOG_COMPILER_WIDGET_BACKGROUND_COLOR_NAME = WidgetBackground;
				CODE_SIGN_ENTITLEMENTS = The23WidgetsExtension.entitlements;
				CODE_SIGN_STYLE = Automatic;
				CURRENT_PROJECT_VERSION = 1;
				DEVELOPMENT_TEAM = FFBPCHH4GC;
				GENERATE_INFOPLIST_FILE = YES;
				INFOPLIST_FILE = The23Widgets/Info.plist;
				INFOPLIST_KEY_CFBundleDisplayName = The23Widgets;
				INFOPLIST_KEY_NSHumanReadableCopyright = "";
				INFOPLIST_KEY_NSSupportsLiveActivities = YES;
				LD_RUNPATH_SEARCH_PATHS = (
					"$(inherited)",
					"@executable_path/Frameworks",
					"@executable_path/../../Frameworks",
				);
				MARKETING_VERSION = 1.0;
				PRODUCT_BUNDLE_IDENTIFIER = "Never-Miss-Dev.The23MinRule.The23Widgets";
				PRODUCT_NAME = "$(TARGET_NAME)";
				SKIP_INSTALL = YES;
				SWIFT_EMIT_LOC_STRINGS = YES;
				SWIFT_VERSION = 5.0;
				TARGETED_DEVICE_FAMILY = "1,2";
			};
			name = Debug;
		};
		AD819F852E540B04008CA8B4 /* Release */ = {
			isa = XCBuildConfiguration;
			buildSettings = {
				ASSETCATALOG_COMPILER_GLOBAL_ACCENT_COLOR_NAME = AccentColor;
				ASSETCATALOG_COMPILER_WIDGET_BACKGROUND_COLOR_NAME = WidgetBackground;
				CODE_SIGN_ENTITLEMENTS = The23WidgetsExtension.entitlements;
				CODE_SIGN_STYLE = Automatic;
				CURRENT_PROJECT_VERSION = 1;
				DEVELOPMENT_TEAM = FFBPCHH4GC;
				GENERATE_INFOPLIST_FILE = YES;
				INFOPLIST_FILE = The23Widgets/Info.plist;
				INFOPLIST_KEY_CFBundleDisplayName = The23Widgets;
				INFOPLIST_KEY_NSHumanReadableCopyright = "";
				INFOPLIST_KEY_NSSupportsLiveActivities = YES;
				LD_RUNPATH_SEARCH_PATHS = (
					"$(inherited)",
					"@executable_path/Frameworks",
					"@executable_path/../../Frameworks",
				);
				MARKETING_VERSION = 1.0;
				PRODUCT_BUNDLE_IDENTIFIER = "Never-Miss-Dev.The23MinRule.The23Widgets";
				PRODUCT_NAME = "$(TARGET_NAME)";
				SKIP_INSTALL = YES;
				SWIFT_EMIT_LOC_STRINGS = YES;
				SWIFT_VERSION = 5.0;
				TARGETED_DEVICE_FAMILY = "1,2";
			};
			name = Release;
		};
/* End XCBuildConfiguration section */

/* Begin XCConfigurationList section */
		AD819F372E4D5776008CA8B4 /* Build configuration list for PBXProject "The23MinRule" */ = {
			isa = XCConfigurationList;
			buildConfigurations = (
				AD819F452E4D5778008CA8B4 /* Debug */,
				AD819F462E4D5778008CA8B4 /* Release */,
			);
			defaultConfigurationIsVisible = 0;
			defaultConfigurationName = Release;
		};
		AD819F472E4D5778008CA8B4 /* Build configuration list for PBXNativeTarget "The23MinRule" */ = {
			isa = XCConfigurationList;
			buildConfigurations = (
				AD819F482E4D5778008CA8B4 /* Debug */,
				AD819F492E4D5778008CA8B4 /* Release */,
			);
			defaultConfigurationIsVisible = 0;
			defaultConfigurationName = Release;
		};
		AD819F832E540B04008CA8B4 /* Build configuration list for PBXNativeTarget "The23WidgetsExtension" */ = {
			isa = XCConfigurationList;
			buildConfigurations = (
				AD819F842E540B04008CA8B4 /* Debug */,
				AD819F852E540B04008CA8B4 /* Release */,
			);
			defaultConfigurationIsVisible = 0;
			defaultConfigurationName = Release;
		};
/* End XCConfigurationList section */
	};
	rootObject = AD819F342E4D5776008CA8B4 /* Project object */;
}
